hash: f7ee589aa20f3910231fe49cd6678035b403d95f2c349165074eeb7d551edef3
updated: 2019-02-12T00:38:35.724731+01:00
imports:
- name: github.com/certifi/gocertifi
  version: abcd5707844888d7088866f25df3a7a2ac337dc4
- name: github.com/getsentry/raven-go
  version: f04e7487e9a6b9d9837d52743fb5f40576c56411
- name: github.com/go-redis/redis
  version: 22be8a3eaf992c828cecb69dc07348313bf08d2e
- name: github.com/go-telegram-bot-api/telegram-bot-api
  version: 5781187bc20cbb9910ba867eafe318479be119b6
- name: github.com/jinzhu/gorm
  version: 472c70caa40267cb89fd8facb07fe6454b578626
  subpackages:
  - dialects/postgres
- name: github.com/jinzhu/inflection
  version: 04140366298a54a039076d798123ffa108fff46c
- name: github.com/joho/godotenv
  version: 23d116af351c84513e1946b527c88823e476be13
  subpackages:
  - autoload
- name: github.com/konsorten/go-windows-terminal-sequences
  version: 5c8c8bd35d3832f5d134ae1e1e375b69a4d25242
- name: github.com/lib/pq
  version: 9eb73efc1fcc404148b56765b0d3f61d9a5ef8ee
  subpackages:
  - hstore
  - oid
- name: github.com/nicksnyder/go-i18n
  version: 9c0db6e2b3a591b2dfabb8ef487e53cd080c57bf
  subpackages:
  - v2/i18n
  - v2/internal
  - v2/internal/plural
- name: github.com/pkg/errors
  version: ffb6e22f01932bf7ac35e0bad9be11f01d1c8685
- name: github.com/sirupsen/logrus
  version: e1e72e9de974bd926e5c56f83753fba2df402ce5
- name: github.com/technoweenie/multipartstreamer
  version: a90a01d73ae432e2611d178c18367fbaa13e0154
- name: golang.org/x/crypto
  version: eb0de9b17e854e9b1ccd9963efafc79862359959
  subpackages:
  - ssh/terminal
- name: golang.org/x/sys
  version: 4ed8d59d0b35e1e29334a206d1b3f38b1e5dfb31
  subpackages:
  - unix
  - windows
- name: golang.org/x/text
  version: e6919f6577db79269a6443b9dc46d18f2238fb5d
  subpackages:
  - internal/language
  - internal/language/compact
  - internal/tag
  - language
- name: gopkg.in/yaml.v2
  version: 51d6538a90f86fe93ac480b35f37b2be17fef232
testImports: []
